// !$*UTF8*$!
{
	archiveVersion = 1;
	classes = {
	};
	objectVersion = 50;
	objects = {

/* Begin PBXBuildFile section */
		B01F914A26858E63005A8F48 /* AppDelegate.swift in Sources */ = {isa = PBXBuildFile; fileRef = B01F914926858E63005A8F48 /* AppDelegate.swift */; };
		B01F914C26858E63005A8F48 /* SceneDelegate.swift in Sources */ = {isa = PBXBuildFile; fileRef = B01F914B26858E63005A8F48 /* SceneDelegate.swift */; };
		B01F914E26858E63005A8F48 /* ViewController.swift in Sources */ = {isa = PBXBuildFile; fileRef = B01F914D26858E63005A8F48 /* ViewController.swift */; };
		B01F915126858E63005A8F48 /* Main.storyboard in Resources */ = {isa = PBXBuildFile; fileRef = B01F914F26858E63005A8F48 /* Main.storyboard */; };
		B01F915426858E63005A8F48 /* Sprint1.xcdatamodeld in Sources */ = {isa = PBXBuildFile; fileRef = B01F915226858E63005A8F48 /* Sprint1.xcdatamodeld */; };
		B01F915626858E64005A8F48 /* Assets.xcassets in Resources */ = {isa = PBXBuildFile; fileRef = B01F915526858E64005A8F48 /* Assets.xcassets */; };
		B01F915926858E64005A8F48 /* LaunchScreen.storyboard in Resources */ = {isa = PBXBuildFile; fileRef = B01F915726858E64005A8F48 /* LaunchScreen.storyboard */; };
		B01F916426858E64005A8F48 /* Sprint1Tests.swift in Sources */ = {isa = PBXBuildFile; fileRef = B01F916326858E64005A8F48 /* Sprint1Tests.swift */; };
		B01F916F26858E64005A8F48 /* Sprint1UITests.swift in Sources */ = {isa = PBXBuildFile; fileRef = B01F916E26858E64005A8F48 /* Sprint1UITests.swift */; };
		B01F9183268D9A20005A8F48 /* ReplayKit.framework in Frameworks */ = {isa = PBXBuildFile; fileRef = B01F9182268D9A20005A8F48 /* ReplayKit.framework */; };
		B01F9186268D9A20005A8F48 /* SampleHandler.swift in Sources */ = {isa = PBXBuildFile; fileRef = B01F9185268D9A20005A8F48 /* SampleHandler.swift */; };
		B01F918D268D9A20005A8F48 /* ReplayKit.framework in Frameworks */ = {isa = PBXBuildFile; fileRef = B01F9182268D9A20005A8F48 /* ReplayKit.framework */; };
		B01F918F268D9A20005A8F48 /* UIKit.framework in Frameworks */ = {isa = PBXBuildFile; fileRef = B01F918E268D9A20005A8F48 /* UIKit.framework */; };
		B01F9192268D9A20005A8F48 /* BroadcastSetupViewController.swift in Sources */ = {isa = PBXBuildFile; fileRef = B01F9191268D9A20005A8F48 /* BroadcastSetupViewController.swift */; };
		B01F9196268D9A20005A8F48 /* sprint1_broadcastSetupUI.appex in Embed App Extensions */ = {isa = PBXBuildFile; fileRef = B01F918C268D9A20005A8F48 /* sprint1_broadcastSetupUI.appex */; settings = {ATTRIBUTES = (RemoveHeadersOnCopy, ); }; };
		B01F9199268D9A20005A8F48 /* sprint1_broadcast.appex in Embed App Extensions */ = {isa = PBXBuildFile; fileRef = B01F9180268D9A20005A8F48 /* sprint1_broadcast.appex */; settings = {ATTRIBUTES = (RemoveHeadersOnCopy, ); }; };
/* End PBXBuildFile section */

/* Begin PBXContainerItemProxy section */
		B01F916026858E64005A8F48 /* PBXContainerItemProxy */ = {
			isa = PBXContainerItemProxy;
			containerPortal = B01F913E26858E63005A8F48 /* Project object */;
			proxyType = 1;
			remoteGlobalIDString = B01F914526858E63005A8F48;
			remoteInfo = Sprint1;
		};
		B01F916B26858E64005A8F48 /* PBXContainerItemProxy */ = {
			isa = PBXContainerItemProxy;
			containerPortal = B01F913E26858E63005A8F48 /* Project object */;
			proxyType = 1;
			remoteGlobalIDString = B01F914526858E63005A8F48;
			remoteInfo = Sprint1;
		};
		B01F9194268D9A20005A8F48 /* PBXContainerItemProxy */ = {
			isa = PBXContainerItemProxy;
			containerPortal = B01F913E26858E63005A8F48 /* Project object */;
			proxyType = 1;
			remoteGlobalIDString = B01F918B268D9A20005A8F48;
			remoteInfo = sprint1_broadcastSetupUI;
		};
		B01F9197268D9A20005A8F48 /* PBXContainerItemProxy */ = {
			isa = PBXContainerItemProxy;
			containerPortal = B01F913E26858E63005A8F48 /* Project object */;
			proxyType = 1;
			remoteGlobalIDString = B01F917F268D9A20005A8F48;
			remoteInfo = sprint1_broadcast;
		};
/* End PBXContainerItemProxy section */

/* Begin PBXCopyFilesBuildPhase section */
		B01F919A268D9A20005A8F48 /* Embed App Extensions */ = {
			isa = PBXCopyFilesBuildPhase;
			buildActionMask = 2147483647;
			dstPath = "";
			dstSubfolderSpec = 13;
			files = (
				B01F9199268D9A20005A8F48 /* sprint1_broadcast.appex in Embed App Extensions */,
				B01F9196268D9A20005A8F48 /* sprint1_broadcastSetupUI.appex in Embed App Extensions */,
			);
			name = "Embed App Extensions";
			runOnlyForDeploymentPostprocessing = 0;
		};
/* End PBXCopyFilesBuildPhase section */

/* Begin PBXFileReference section */
		B01F914626858E63005A8F48 /* Sprint1.app */ = {isa = PBXFileReference; explicitFileType = wrapper.application; includeInIndex = 0; path = Sprint1.app; sourceTree = BUILT_PRODUCTS_DIR; };
		B01F914926858E63005A8F48 /* AppDelegate.swift */ = {isa = PBXFileReference; lastKnownFileType = sourcecode.swift; path = AppDelegate.swift; sourceTree = "<group>"; };
		B01F914B26858E63005A8F48 /* SceneDelegate.swift */ = {isa = PBXFileReference; lastKnownFileType = sourcecode.swift; path = SceneDelegate.swift; sourceTree = "<group>"; };
		B01F914D26858E63005A8F48 /* ViewController.swift */ = {isa = PBXFileReference; lastKnownFileType = sourcecode.swift; path = ViewController.swift; sourceTree = "<group>"; };
		B01F915026858E63005A8F48 /* Base */ = {isa = PBXFileReference; lastKnownFileType = file.storyboard; name = Base; path = Base.lproj/Main.storyboard; sourceTree = "<group>"; };
		B01F915326858E63005A8F48 /* Sprint1.xcdatamodel */ = {isa = PBXFileReference; lastKnownFileType = wrapper.xcdatamodel; path = Sprint1.xcdatamodel; sourceTree = "<group>"; };
		B01F915526858E64005A8F48 /* Assets.xcassets */ = {isa = PBXFileReference; lastKnownFileType = folder.assetcatalog; path = Assets.xcassets; sourceTree = "<group>"; };
		B01F915826858E64005A8F48 /* Base */ = {isa = PBXFileReference; lastKnownFileType = file.storyboard; name = Base; path = Base.lproj/LaunchScreen.storyboard; sourceTree = "<group>"; };
		B01F915A26858E64005A8F48 /* Info.plist */ = {isa = PBXFileReference; lastKnownFileType = text.plist.xml; path = Info.plist; sourceTree = "<group>"; };
		B01F915F26858E64005A8F48 /* Sprint1Tests.xctest */ = {isa = PBXFileReference; explicitFileType = wrapper.cfbundle; includeInIndex = 0; path = Sprint1Tests.xctest; sourceTree = BUILT_PRODUCTS_DIR; };
		B01F916326858E64005A8F48 /* Sprint1Tests.swift */ = {isa = PBXFileReference; lastKnownFileType = sourcecode.swift; path = Sprint1Tests.swift; sourceTree = "<group>"; };
		B01F916526858E64005A8F48 /* Info.plist */ = {isa = PBXFileReference; lastKnownFileType = text.plist.xml; path = Info.plist; sourceTree = "<group>"; };
		B01F916A26858E64005A8F48 /* Sprint1UITests.xctest */ = {isa = PBXFileReference; explicitFileType = wrapper.cfbundle; includeInIndex = 0; path = Sprint1UITests.xctest; sourceTree = BUILT_PRODUCTS_DIR; };
		B01F916E26858E64005A8F48 /* Sprint1UITests.swift */ = {isa = PBXFileReference; lastKnownFileType = sourcecode.swift; path = Sprint1UITests.swift; sourceTree = "<group>"; };
		B01F917026858E64005A8F48 /* Info.plist */ = {isa = PBXFileReference; lastKnownFileType = text.plist.xml; path = Info.plist; sourceTree = "<group>"; };
		B01F9180268D9A20005A8F48 /* sprint1_broadcast.appex */ = {isa = PBXFileReference; explicitFileType = "wrapper.app-extension"; includeInIndex = 0; path = sprint1_broadcast.appex; sourceTree = BUILT_PRODUCTS_DIR; };
		B01F9182268D9A20005A8F48 /* ReplayKit.framework */ = {isa = PBXFileReference; lastKnownFileType = wrapper.framework; name = ReplayKit.framework; path = System/Library/Frameworks/ReplayKit.framework; sourceTree = SDKROOT; };
		B01F9185268D9A20005A8F48 /* SampleHandler.swift */ = {isa = PBXFileReference; lastKnownFileType = sourcecode.swift; path = SampleHandler.swift; sourceTree = "<group>"; };
		B01F9187268D9A20005A8F48 /* Info.plist */ = {isa = PBXFileReference; lastKnownFileType = text.plist.xml; path = Info.plist; sourceTree = "<group>"; };
		B01F918C268D9A20005A8F48 /* sprint1_broadcastSetupUI.appex */ = {isa = PBXFileReference; explicitFileType = "wrapper.app-extension"; includeInIndex = 0; path = sprint1_broadcastSetupUI.appex; sourceTree = BUILT_PRODUCTS_DIR; };
		B01F918E268D9A20005A8F48 /* UIKit.framework */ = {isa = PBXFileReference; lastKnownFileType = wrapper.framework; name = UIKit.framework; path = System/Library/Frameworks/UIKit.framework; sourceTree = SDKROOT; };
		B01F9191268D9A20005A8F48 /* BroadcastSetupViewController.swift */ = {isa = PBXFileReference; lastKnownFileType = sourcecode.swift; path = BroadcastSetupViewController.swift; sourceTree = "<group>"; };
		B01F9193268D9A20005A8F48 /* Info.plist */ = {isa = PBXFileReference; lastKnownFileType = text.plist.xml; path = Info.plist; sourceTree = "<group>"; };
/* End PBXFileReference section */

/* Begin PBXFrameworksBuildPhase section */
		B01F914326858E63005A8F48 /* Frameworks */ = {
			isa = PBXFrameworksBuildPhase;
			buildActionMask = 2147483647;
			files = (
			);
			runOnlyForDeploymentPostprocessing = 0;
		};
		B01F915C26858E64005A8F48 /* Frameworks */ = {
			isa = PBXFrameworksBuildPhase;
			buildActionMask = 2147483647;
			files = (
			);
			runOnlyForDeploymentPostprocessing = 0;
		};
		B01F916726858E64005A8F48 /* Frameworks */ = {
			isa = PBXFrameworksBuildPhase;
			buildActionMask = 2147483647;
			files = (
			);
			runOnlyForDeploymentPostprocessing = 0;
		};
		B01F917D268D9A20005A8F48 /* Frameworks */ = {
			isa = PBXFrameworksBuildPhase;
			buildActionMask = 2147483647;
			files = (
				B01F9183268D9A20005A8F48 /* ReplayKit.framework in Frameworks */,
			);
			runOnlyForDeploymentPostprocessing = 0;
		};
		B01F9189268D9A20005A8F48 /* Frameworks */ = {
			isa = PBXFrameworksBuildPhase;
			buildActionMask = 2147483647;
			files = (
				B01F918D268D9A20005A8F48 /* ReplayKit.framework in Frameworks */,
				B01F918F268D9A20005A8F48 /* UIKit.framework in Frameworks */,
			);
			runOnlyForDeploymentPostprocessing = 0;
		};
/* End PBXFrameworksBuildPhase section */

/* Begin PBXGroup section */
		B01F913D26858E63005A8F48 = {
			isa = PBXGroup;
			children = (
				B01F914826858E63005A8F48 /* Sprint1 */,
				B01F916226858E64005A8F48 /* Sprint1Tests */,
				B01F916D26858E64005A8F48 /* Sprint1UITests */,
				B01F9184268D9A20005A8F48 /* sprint1_broadcast */,
				B01F9190268D9A20005A8F48 /* sprint1_broadcastSetupUI */,
				B01F9181268D9A20005A8F48 /* Frameworks */,
				B01F914726858E63005A8F48 /* Products */,
			);
			sourceTree = "<group>";
		};
		B01F914726858E63005A8F48 /* Products */ = {
			isa = PBXGroup;
			children = (
				B01F914626858E63005A8F48 /* Sprint1.app */,
				B01F915F26858E64005A8F48 /* Sprint1Tests.xctest */,
				B01F916A26858E64005A8F48 /* Sprint1UITests.xctest */,
				B01F9180268D9A20005A8F48 /* sprint1_broadcast.appex */,
				B01F918C268D9A20005A8F48 /* sprint1_broadcastSetupUI.appex */,
			);
			name = Products;
			sourceTree = "<group>";
		};
		B01F914826858E63005A8F48 /* Sprint1 */ = {
			isa = PBXGroup;
			children = (
				B01F914926858E63005A8F48 /* AppDelegate.swift */,
				B01F914B26858E63005A8F48 /* SceneDelegate.swift */,
				B01F914D26858E63005A8F48 /* ViewController.swift */,
				B01F914F26858E63005A8F48 /* Main.storyboard */,
				B01F915526858E64005A8F48 /* Assets.xcassets */,
				B01F915726858E64005A8F48 /* LaunchScreen.storyboard */,
				B01F915A26858E64005A8F48 /* Info.plist */,
				B01F915226858E63005A8F48 /* Sprint1.xcdatamodeld */,
			);
			path = Sprint1;
			sourceTree = "<group>";
		};
		B01F916226858E64005A8F48 /* Sprint1Tests */ = {
			isa = PBXGroup;
			children = (
				B01F916326858E64005A8F48 /* Sprint1Tests.swift */,
				B01F916526858E64005A8F48 /* Info.plist */,
			);
			path = Sprint1Tests;
			sourceTree = "<group>";
		};
		B01F916D26858E64005A8F48 /* Sprint1UITests */ = {
			isa = PBXGroup;
			children = (
				B01F916E26858E64005A8F48 /* Sprint1UITests.swift */,
				B01F917026858E64005A8F48 /* Info.plist */,
			);
			path = Sprint1UITests;
			sourceTree = "<group>";
		};
		B01F9181268D9A20005A8F48 /* Frameworks */ = {
			isa = PBXGroup;
			children = (
				B01F9182268D9A20005A8F48 /* ReplayKit.framework */,
				B01F918E268D9A20005A8F48 /* UIKit.framework */,
			);
			name = Frameworks;
			sourceTree = "<group>";
		};
		B01F9184268D9A20005A8F48 /* sprint1_broadcast */ = {
			isa = PBXGroup;
			children = (
				B01F9185268D9A20005A8F48 /* SampleHandler.swift */,
				B01F9187268D9A20005A8F48 /* Info.plist */,
			);
			path = sprint1_broadcast;
			sourceTree = "<group>";
		};
		B01F9190268D9A20005A8F48 /* sprint1_broadcastSetupUI */ = {
			isa = PBXGroup;
			children = (
				B01F9191268D9A20005A8F48 /* BroadcastSetupViewController.swift */,
				B01F9193268D9A20005A8F48 /* Info.plist */,
			);
			path = sprint1_broadcastSetupUI;
			sourceTree = "<group>";
		};
/* End PBXGroup section */

/* Begin PBXNativeTarget section */
		B01F914526858E63005A8F48 /* Sprint1 */ = {
			isa = PBXNativeTarget;
			buildConfigurationList = B01F917326858E64005A8F48 /* Build configuration list for PBXNativeTarget "Sprint1" */;
			buildPhases = (
				B01F914226858E63005A8F48 /* Sources */,
				B01F914326858E63005A8F48 /* Frameworks */,
				B01F914426858E63005A8F48 /* Resources */,
				B01F919A268D9A20005A8F48 /* Embed App Extensions */,
			);
			buildRules = (
			);
			dependencies = (
				B01F9195268D9A20005A8F48 /* PBXTargetDependency */,
				B01F9198268D9A20005A8F48 /* PBXTargetDependency */,
			);
			name = Sprint1;
			productName = Sprint1;
			productReference = B01F914626858E63005A8F48 /* Sprint1.app */;
			productType = "com.apple.product-type.application";
		};
		B01F915E26858E64005A8F48 /* Sprint1Tests */ = {
			isa = PBXNativeTarget;
			buildConfigurationList = B01F917626858E64005A8F48 /* Build configuration list for PBXNativeTarget "Sprint1Tests" */;
			buildPhases = (
				B01F915B26858E64005A8F48 /* Sources */,
				B01F915C26858E64005A8F48 /* Frameworks */,
				B01F915D26858E64005A8F48 /* Resources */,
			);
			buildRules = (
			);
			dependencies = (
				B01F916126858E64005A8F48 /* PBXTargetDependency */,
			);
			name = Sprint1Tests;
			productName = Sprint1Tests;
			productReference = B01F915F26858E64005A8F48 /* Sprint1Tests.xctest */;
			productType = "com.apple.product-type.bundle.unit-test";
		};
		B01F916926858E64005A8F48 /* Sprint1UITests */ = {
			isa = PBXNativeTarget;
			buildConfigurationList = B01F917926858E64005A8F48 /* Build configuration list for PBXNativeTarget "Sprint1UITests" */;
			buildPhases = (
				B01F916626858E64005A8F48 /* Sources */,
				B01F916726858E64005A8F48 /* Frameworks */,
				B01F916826858E64005A8F48 /* Resources */,
			);
			buildRules = (
			);
			dependencies = (
				B01F916C26858E64005A8F48 /* PBXTargetDependency */,
			);
			name = Sprint1UITests;
			productName = Sprint1UITests;
			productReference = B01F916A26858E64005A8F48 /* Sprint1UITests.xctest */;
			productType = "com.apple.product-type.bundle.ui-testing";
		};
		B01F917F268D9A20005A8F48 /* sprint1_broadcast */ = {
			isa = PBXNativeTarget;
			buildConfigurationList = B01F91A0268D9A20005A8F48 /* Build configuration list for PBXNativeTarget "sprint1_broadcast" */;
			buildPhases = (
				B01F917C268D9A20005A8F48 /* Sources */,
				B01F917D268D9A20005A8F48 /* Frameworks */,
				B01F917E268D9A20005A8F48 /* Resources */,
			);
			buildRules = (
			);
			dependencies = (
			);
			name = sprint1_broadcast;
			productName = sprint1_broadcast;
			productReference = B01F9180268D9A20005A8F48 /* sprint1_broadcast.appex */;
			productType = "com.apple.product-type.app-extension";
		};
		B01F918B268D9A20005A8F48 /* sprint1_broadcastSetupUI */ = {
			isa = PBXNativeTarget;
			buildConfigurationList = B01F919F268D9A20005A8F48 /* Build configuration list for PBXNativeTarget "sprint1_broadcastSetupUI" */;
			buildPhases = (
				B01F9188268D9A20005A8F48 /* Sources */,
				B01F9189268D9A20005A8F48 /* Frameworks */,
				B01F918A268D9A20005A8F48 /* Resources */,
			);
			buildRules = (
			);
			dependencies = (
			);
			name = sprint1_broadcastSetupUI;
			productName = sprint1_broadcastSetupUI;
			productReference = B01F918C268D9A20005A8F48 /* sprint1_broadcastSetupUI.appex */;
			productType = "com.apple.product-type.app-extension";
		};
/* End PBXNativeTarget section */

/* Begin PBXProject section */
		B01F913E26858E63005A8F48 /* Project object */ = {
			isa = PBXProject;
			attributes = {
				LastSwiftUpdateCheck = 1250;
				LastUpgradeCheck = 1250;
				TargetAttributes = {
					B01F914526858E63005A8F48 = {
						CreatedOnToolsVersion = 12.5;
					};
					B01F915E26858E64005A8F48 = {
						CreatedOnToolsVersion = 12.5;
						TestTargetID = B01F914526858E63005A8F48;
					};
					B01F916926858E64005A8F48 = {
						CreatedOnToolsVersion = 12.5;
						TestTargetID = B01F914526858E63005A8F48;
					};
					B01F917F268D9A20005A8F48 = {
						CreatedOnToolsVersion = 12.5;
					};
					B01F918B268D9A20005A8F48 = {
						CreatedOnToolsVersion = 12.5;
					};
				};
			};
			buildConfigurationList = B01F914126858E63005A8F48 /* Build configuration list for PBXProject "Sprint1" */;
			compatibilityVersion = "Xcode 9.3";
			developmentRegion = en;
			hasScannedForEncodings = 0;
			knownRegions = (
				en,
				Base,
			);
			mainGroup = B01F913D26858E63005A8F48;
			productRefGroup = B01F914726858E63005A8F48 /* Products */;
			projectDirPath = "";
			projectRoot = "";
			targets = (
				B01F914526858E63005A8F48 /* Sprint1 */,
				B01F915E26858E64005A8F48 /* Sprint1Tests */,
				B01F916926858E64005A8F48 /* Sprint1UITests */,
				B01F917F268D9A20005A8F48 /* sprint1_broadcast */,
				B01F918B268D9A20005A8F48 /* sprint1_broadcastSetupUI */,
			);
		};
/* End PBXProject section */

/* Begin PBXResourcesBuildPhase section */
		B01F914426858E63005A8F48 /* Resources */ = {
			isa = PBXResourcesBuildPhase;
			buildActionMask = 2147483647;
			files = (
				B01F915926858E64005A8F48 /* LaunchScreen.storyboard in Resources */,
				B01F915626858E64005A8F48 /* Assets.xcassets in Resources */,
				B01F915126858E63005A8F48 /* Main.storyboard in Resources */,
			);
			runOnlyForDeploymentPostprocessing = 0;
		};
		B01F915D26858E64005A8F48 /* Resources */ = {
			isa = PBXResourcesBuildPhase;
			buildActionMask = 2147483647;
			files = (
			);
			runOnlyForDeploymentPostprocessing = 0;
		};
		B01F916826858E64005A8F48 /* Resources */ = {
			isa = PBXResourcesBuildPhase;
			buildActionMask = 2147483647;
			files = (
			);
			runOnlyForDeploymentPostprocessing = 0;
		};
		B01F917E268D9A20005A8F48 /* Resources */ = {
			isa = PBXResourcesBuildPhase;
			buildActionMask = 2147483647;
			files = (
			);
			runOnlyForDeploymentPostprocessing = 0;
		};
		B01F918A268D9A20005A8F48 /* Resources */ = {
			isa = PBXResourcesBuildPhase;
			buildActionMask = 2147483647;
			files = (
			);
			runOnlyForDeploymentPostprocessing = 0;
		};
/* End PBXResourcesBuildPhase section */

/* Begin PBXSourcesBuildPhase section */
		B01F914226858E63005A8F48 /* Sources */ = {
			isa = PBXSourcesBuildPhase;
			buildActionMask = 2147483647;
			files = (
				B01F914E26858E63005A8F48 /* ViewController.swift in Sources */,
				B01F915426858E63005A8F48 /* Sprint1.xcdatamodeld in Sources */,
				B01F914A26858E63005A8F48 /* AppDelegate.swift in Sources */,
				B01F914C26858E63005A8F48 /* SceneDelegate.swift in Sources */,
			);
			runOnlyForDeploymentPostprocessing = 0;
		};
		B01F915B26858E64005A8F48 /* Sources */ = {
			isa = PBXSourcesBuildPhase;
			buildActionMask = 2147483647;
			files = (
				B01F916426858E64005A8F48 /* Sprint1Tests.swift in Sources */,
			);
			runOnlyForDeploymentPostprocessing = 0;
		};
		B01F916626858E64005A8F48 /* Sources */ = {
			isa = PBXSourcesBuildPhase;
			buildActionMask = 2147483647;
			files = (
				B01F916F26858E64005A8F48 /* Sprint1UITests.swift in Sources */,
			);
			runOnlyForDeploymentPostprocessing = 0;
		};
		B01F917C268D9A20005A8F48 /* Sources */ = {
			isa = PBXSourcesBuildPhase;
			buildActionMask = 2147483647;
			files = (
				B01F9186268D9A20005A8F48 /* SampleHandler.swift in Sources */,
			);
			runOnlyForDeploymentPostprocessing = 0;
		};
		B01F9188268D9A20005A8F48 /* Sources */ = {
			isa = PBXSourcesBuildPhase;
			buildActionMask = 2147483647;
			files = (
				B01F9192268D9A20005A8F48 /* BroadcastSetupViewController.swift in Sources */,
			);
			runOnlyForDeploymentPostprocessing = 0;
		};
/* End PBXSourcesBuildPhase section */

/* Begin PBXTargetDependency section */
		B01F916126858E64005A8F48 /* PBXTargetDependency */ = {
			isa = PBXTargetDependency;
			target = B01F914526858E63005A8F48 /* Sprint1 */;
			targetProxy = B01F916026858E64005A8F48 /* PBXContainerItemProxy */;
		};
		B01F916C26858E64005A8F48 /* PBXTargetDependency */ = {
			isa = PBXTargetDependency;
			target = B01F914526858E63005A8F48 /* Sprint1 */;
			targetProxy = B01F916B26858E64005A8F48 /* PBXContainerItemProxy */;
		};
		B01F9195268D9A20005A8F48 /* PBXTargetDependency */ = {
			isa = PBXTargetDependency;
			target = B01F918B268D9A20005A8F48 /* sprint1_broadcastSetupUI */;
			targetProxy = B01F9194268D9A20005A8F48 /* PBXContainerItemProxy */;
		};
		B01F9198268D9A20005A8F48 /* PBXTargetDependency */ = {
			isa = PBXTargetDependency;
			target = B01F917F268D9A20005A8F48 /* sprint1_broadcast */;
			targetProxy = B01F9197268D9A20005A8F48 /* PBXContainerItemProxy */;
		};
/* End PBXTargetDependency section */

/* Begin PBXVariantGroup section */
		B01F914F26858E63005A8F48 /* Main.storyboard */ = {
			isa = PBXVariantGroup;
			children = (
				B01F915026858E63005A8F48 /* Base */,
			);
			name = Main.storyboard;
			sourceTree = "<group>";
		};
		B01F915726858E64005A8F48 /* LaunchScreen.storyboard */ = {
			isa = PBXVariantGroup;
			children = (
				B01F915826858E64005A8F48 /* Base */,
			);
			name = LaunchScreen.storyboard;
			sourceTree = "<group>";
		};
/* End PBXVariantGroup section */

/* Begin XCBuildConfiguration section */
		B01F917126858E64005A8F48 /* Debug */ = {
			isa = XCBuildConfiguration;
			buildSettings = {
				ALWAYS_SEARCH_USER_PATHS = NO;
				CLANG_ANALYZER_NONNULL = YES;
				CLANG_ANALYZER_NUMBER_OBJECT_CONVERSION = YES_AGGRESSIVE;
				CLANG_CXX_LANGUAGE_STANDARD = "gnu++14";
				CLANG_CXX_LIBRARY = "libc++";
				CLANG_ENABLE_MODULES = YES;
				CLANG_ENABLE_OBJC_ARC = YES;
				CLANG_ENABLE_OBJC_WEAK = YES;
				CLANG_WARN_BLOCK_CAPTURE_AUTORELEASING = YES;
				CLANG_WARN_BOOL_CONVERSION = YES;
				CLANG_WARN_COMMA = YES;
				CLANG_WARN_CONSTANT_CONVERSION = YES;
				CLANG_WARN_DEPRECATED_OBJC_IMPLEMENTATIONS = YES;
				CLANG_WARN_DIRECT_OBJC_ISA_USAGE = YES_ERROR;
				CLANG_WARN_DOCUMENTATION_COMMENTS = YES;
				CLANG_WARN_EMPTY_BODY = YES;
				CLANG_WARN_ENUM_CONVERSION = YES;
				CLANG_WARN_INFINITE_RECURSION = YES;
				CLANG_WARN_INT_CONVERSION = YES;
				CLANG_WARN_NON_LITERAL_NULL_CONVERSION = YES;
				CLANG_WARN_OBJC_IMPLICIT_RETAIN_SELF = YES;
				CLANG_WARN_OBJC_LITERAL_CONVERSION = YES;
				CLANG_WARN_OBJC_ROOT_CLASS = YES_ERROR;
				CLANG_WARN_QUOTED_INCLUDE_IN_FRAMEWORK_HEADER = YES;
				CLANG_WARN_RANGE_LOOP_ANALYSIS = YES;
				CLANG_WARN_STRICT_PROTOTYPES = YES;
				CLANG_WARN_SUSPICIOUS_MOVE = YES;
				CLANG_WARN_UNGUARDED_AVAILABILITY = YES_AGGRESSIVE;
				CLANG_WARN_UNREACHABLE_CODE = YES;
				CLANG_WARN__DUPLICATE_METHOD_MATCH = YES;
				COPY_PHASE_STRIP = NO;
				DEBUG_INFORMATION_FORMAT = dwarf;
				ENABLE_STRICT_OBJC_MSGSEND = YES;
				ENABLE_TESTABILITY = YES;
				GCC_C_LANGUAGE_STANDARD = gnu11;
				GCC_DYNAMIC_NO_PIC = NO;
				GCC_NO_COMMON_BLOCKS = YES;
				GCC_OPTIMIZATION_LEVEL = 0;
				GCC_PREPROCESSOR_DEFINITIONS = (
					"DEBUG=1",
					"$(inherited)",
				);
				GCC_WARN_64_TO_32_BIT_CONVERSION = YES;
				GCC_WARN_ABOUT_RETURN_TYPE = YES_ERROR;
				GCC_WARN_UNDECLARED_SELECTOR = YES;
				GCC_WARN_UNINITIALIZED_AUTOS = YES_AGGRESSIVE;
				GCC_WARN_UNUSED_FUNCTION = YES;
				GCC_WARN_UNUSED_VARIABLE = YES;
				IPHONEOS_DEPLOYMENT_TARGET = 14.5;
				MTL_ENABLE_DEBUG_INFO = INCLUDE_SOURCE;
				MTL_FAST_MATH = YES;
				ONLY_ACTIVE_ARCH = YES;
				SDKROOT = iphoneos;
				SWIFT_ACTIVE_COMPILATION_CONDITIONS = DEBUG;
				SWIFT_OPTIMIZATION_LEVEL = "-Onone";
			};
			name = Debug;
		};
		B01F917226858E64005A8F48 /* Release */ = {
			isa = XCBuildConfiguration;
			buildSettings = {
				ALWAYS_SEARCH_USER_PATHS = NO;
				CLANG_ANALYZER_NONNULL = YES;
				CLANG_ANALYZER_NUMBER_OBJECT_CONVERSION = YES_AGGRESSIVE;
				CLANG_CXX_LANGUAGE_STANDARD = "gnu++14";
				CLANG_CXX_LIBRARY = "libc++";
				CLANG_ENABLE_MODULES = YES;
				CLANG_ENABLE_OBJC_ARC = YES;
				CLANG_ENABLE_OBJC_WEAK = YES;
				CLANG_WARN_BLOCK_CAPTURE_AUTORELEASING = YES;
				CLANG_WARN_BOOL_CONVERSION = YES;
				CLANG_WARN_COMMA = YES;
				CLANG_WARN_CONSTANT_CONVERSION = YES;
				CLANG_WARN_DEPRECATED_OBJC_IMPLEMENTATIONS = YES;
				CLANG_WARN_DIRECT_OBJC_ISA_USAGE = YES_ERROR;
				CLANG_WARN_DOCUMENTATION_COMMENTS = YES;
				CLANG_WARN_EMPTY_BODY = YES;
				CLANG_WARN_ENUM_CONVERSION = YES;
				CLANG_WARN_INFINITE_RECURSION = YES;
				CLANG_WARN_INT_CONVERSION = YES;
				CLANG_WARN_NON_LITERAL_NULL_CONVERSION = YES;
				CLANG_WARN_OBJC_IMPLICIT_RETAIN_SELF = YES;
				CLANG_WARN_OBJC_LITERAL_CONVERSION = YES;
				CLANG_WARN_OBJC_ROOT_CLASS = YES_ERROR;
				CLANG_WARN_QUOTED_INCLUDE_IN_FRAMEWORK_HEADER = YES;
				CLANG_WARN_RANGE_LOOP_ANALYSIS = YES;
				CLANG_WARN_STRICT_PROTOTYPES = YES;
				CLANG_WARN_SUSPICIOUS_MOVE = YES;
				CLANG_WARN_UNGUARDED_AVAILABILITY = YES_AGGRESSIVE;
				CLANG_WARN_UNREACHABLE_CODE = YES;
				CLANG_WARN__DUPLICATE_METHOD_MATCH = YES;
				COPY_PHASE_STRIP = NO;
				DEBUG_INFORMATION_FORMAT = "dwarf-with-dsym";
				ENABLE_NS_ASSERTIONS = NO;
				ENABLE_STRICT_OBJC_MSGSEND = YES;
				GCC_C_LANGUAGE_STANDARD = gnu11;
				GCC_NO_COMMON_BLOCKS = YES;
				GCC_WARN_64_TO_32_BIT_CONVERSION = YES;
				GCC_WARN_ABOUT_RETURN_TYPE = YES_ERROR;
				GCC_WARN_UNDECLARED_SELECTOR = YES;
				GCC_WARN_UNINITIALIZED_AUTOS = YES_AGGRESSIVE;
				GCC_WARN_UNUSED_FUNCTION = YES;
				GCC_WARN_UNUSED_VARIABLE = YES;
				IPHONEOS_DEPLOYMENT_TARGET = 14.5;
				MTL_ENABLE_DEBUG_INFO = NO;
				MTL_FAST_MATH = YES;
				SDKROOT = iphoneos;
				SWIFT_COMPILATION_MODE = wholemodule;
				SWIFT_OPTIMIZATION_LEVEL = "-O";
				VALIDATE_PRODUCT = YES;
			};
			name = Release;
		};
		B01F917426858E64005A8F48 /* Debug */ = {
			isa = XCBuildConfiguration;
			buildSettings = {
				ALWAYS_EMBED_SWIFT_STANDARD_LIBRARIES = YES;
				ASSETCATALOG_COMPILER_APPICON_NAME = AppIcon;
				ASSETCATALOG_COMPILER_GLOBAL_ACCENT_COLOR_NAME = AccentColor;
				CODE_SIGN_STYLE = Automatic;
				DEVELOPMENT_TEAM = 579DX7MBBF;
				INFOPLIST_FILE = Sprint1/Info.plist;
				LD_RUNPATH_SEARCH_PATHS = (
					"$(inherited)",
					"@executable_path/Frameworks",
				);
				PRODUCT_BUNDLE_IDENTIFIER = Ponce.Sprint11;
				PRODUCT_NAME = "$(TARGET_NAME)";
				SWIFT_VERSION = 5.0;
				TARGETED_DEVICE_FAMILY = "1,2";
			};
			name = Debug;
		};
		B01F917526858E64005A8F48 /* Release */ = {
			isa = XCBuildConfiguration;
			buildSettings = {
				ALWAYS_EMBED_SWIFT_STANDARD_LIBRARIES = YES;
				ASSETCATALOG_COMPILER_APPICON_NAME = AppIcon;
				ASSETCATALOG_COMPILER_GLOBAL_ACCENT_COLOR_NAME = AccentColor;
				CODE_SIGN_STYLE = Automatic;
				DEVELOPMENT_TEAM = 579DX7MBBF;
				INFOPLIST_FILE = Sprint1/Info.plist;
				LD_RUNPATH_SEARCH_PATHS = (
					"$(inherited)",
					"@executable_path/Frameworks",
				);
				PRODUCT_BUNDLE_IDENTIFIER = Ponce.Sprint11;
				PRODUCT_NAME = "$(TARGET_NAME)";
				SWIFT_VERSION = 5.0;
				TARGETED_DEVICE_FAMILY = "1,2";
			};
			name = Release;
		};
		B01F917726858E64005A8F48 /* Debug */ = {
			isa = XCBuildConfiguration;
			buildSettings = {
				ALWAYS_EMBED_SWIFT_STANDARD_LIBRARIES = YES;
				BUNDLE_LOADER = "$(TEST_HOST)";
				CODE_SIGN_STYLE = Automatic;
				DEVELOPMENT_TEAM = LVMK3Q3VT6;
				INFOPLIST_FILE = Sprint1Tests/Info.plist;
				IPHONEOS_DEPLOYMENT_TARGET = 14.5;
				LD_RUNPATH_SEARCH_PATHS = (
					"$(inherited)",
					"@executable_path/Frameworks",
					"@loader_path/Frameworks",
				);
				PRODUCT_BUNDLE_IDENTIFIER = Ponce.Sprint1Tests;
				PRODUCT_NAME = "$(TARGET_NAME)";
				SWIFT_VERSION = 5.0;
				TARGETED_DEVICE_FAMILY = "1,2";
				TEST_HOST = "$(BUILT_PRODUCTS_DIR)/Sprint1.app/Sprint1";
			};
			name = Debug;
		};
		B01F917826858E64005A8F48 /* Release */ = {
			isa = XCBuildConfiguration;
			buildSettings = {
				ALWAYS_EMBED_SWIFT_STANDARD_LIBRARIES = YES;
				BUNDLE_LOADER = "$(TEST_HOST)";
				CODE_SIGN_STYLE = Automatic;
				DEVELOPMENT_TEAM = LVMK3Q3VT6;
				INFOPLIST_FILE = Sprint1Tests/Info.plist;
				IPHONEOS_DEPLOYMENT_TARGET = 14.5;
				LD_RUNPATH_SEARCH_PATHS = (
					"$(inherited)",
					"@executable_path/Frameworks",
					"@loader_path/Frameworks",
				);
				PRODUCT_BUNDLE_IDENTIFIER = Ponce.Sprint1Tests;
				PRODUCT_NAME = "$(TARGET_NAME)";
				SWIFT_VERSION = 5.0;
				TARGETED_DEVICE_FAMILY = "1,2";
				TEST_HOST = "$(BUILT_PRODUCTS_DIR)/Sprint1.app/Sprint1";
			};
			name = Release;
		};
		B01F917A26858E64005A8F48 /* Debug */ = {
			isa = XCBuildConfiguration;
			buildSettings = {
				ALWAYS_EMBED_SWIFT_STANDARD_LIBRARIES = YES;
				CODE_SIGN_STYLE = Automatic;
				DEVELOPMENT_TEAM = LVMK3Q3VT6;
				INFOPLIST_FILE = Sprint1UITests/Info.plist;
				LD_RUNPATH_SEARCH_PATHS = (
					"$(inherited)",
					"@executable_path/Frameworks",
					"@loader_path/Frameworks",
				);
				PRODUCT_BUNDLE_IDENTIFIER = Ponce.Sprint1UITests;
				PRODUCT_NAME = "$(TARGET_NAME)";
				SWIFT_VERSION = 5.0;
				TARGETED_DEVICE_FAMILY = "1,2";
				TEST_TARGET_NAME = Sprint1;
			};
			name = Debug;
		};
		B01F917B26858E64005A8F48 /* Release */ = {
			isa = XCBuildConfiguration;
			buildSettings = {
				ALWAYS_EMBED_SWIFT_STANDARD_LIBRARIES = YES;
				CODE_SIGN_STYLE = Automatic;
				DEVELOPMENT_TEAM = LVMK3Q3VT6;
				INFOPLIST_FILE = Sprint1UITests/Info.plist;
				LD_RUNPATH_SEARCH_PATHS = (
					"$(inherited)",
					"@executable_path/Frameworks",
					"@loader_path/Frameworks",
				);
				PRODUCT_BUNDLE_IDENTIFIER = Ponce.Sprint1UITests;
				PRODUCT_NAME = "$(TARGET_NAME)";
				SWIFT_VERSION = 5.0;
				TARGETED_DEVICE_FAMILY = "1,2";
				TEST_TARGET_NAME = Sprint1;
			};
			name = Release;
		};
		B01F919B268D9A20005A8F48 /* Debug */ = {
			isa = XCBuildConfiguration;
			buildSettings = {
				CODE_SIGN_STYLE = Automatic;
				DEVELOPMENT_TEAM = 579DX7MBBF;
				INFOPLIST_FILE = sprint1_broadcast/Info.plist;
				LD_RUNPATH_SEARCH_PATHS = (
					"$(inherited)",
					"@executable_path/Frameworks",
					"@executable_path/../../Frameworks",
				);
				PRODUCT_BUNDLE_IDENTIFIER = "Ponce.Sprint11.sprint1-broadcast";
				PRODUCT_NAME = "$(TARGET_NAME)";
				SKIP_INSTALL = YES;
				SWIFT_VERSION = 5.0;
				TARGETED_DEVICE_FAMILY = "1,2";
			};
			name = Debug;
		};
		B01F919C268D9A20005A8F48 /* Release */ = {
			isa = XCBuildConfiguration;
			buildSettings = {
				CODE_SIGN_STYLE = Automatic;
				DEVELOPMENT_TEAM = 579DX7MBBF;
				INFOPLIST_FILE = sprint1_broadcast/Info.plist;
				LD_RUNPATH_SEARCH_PATHS = (
					"$(inherited)",
					"@executable_path/Frameworks",
					"@executable_path/../../Frameworks",
				);
				PRODUCT_BUNDLE_IDENTIFIER = "Ponce.Sprint11.sprint1-broadcast";
				PRODUCT_NAME = "$(TARGET_NAME)";
				SKIP_INSTALL = YES;
				SWIFT_VERSION = 5.0;
				TARGETED_DEVICE_FAMILY = "1,2";
			};
			name = Release;
		};
		B01F919D268D9A20005A8F48 /* Debug */ = {
			isa = XCBuildConfiguration;
			buildSettings = {
				CODE_SIGN_IDENTITY = "Apple Development";
				CODE_SIGN_STYLE = Automatic;
				DEVELOPMENT_TEAM = 579DX7MBBF;
				INFOPLIST_FILE = sprint1_broadcastSetupUI/Info.plist;
				LD_RUNPATH_SEARCH_PATHS = (
					"$(inherited)",
					"@executable_path/Frameworks",
					"@executable_path/../../Frameworks",
				);
				PRODUCT_BUNDLE_IDENTIFIER = "Ponce.Sprint11.sprint1-broadcastSetupUI";
				PRODUCT_NAME = "$(TARGET_NAME)";
				PROVISIONING_PROFILE_SPECIFIER = "";
				SKIP_INSTALL = YES;
				SWIFT_VERSION = 5.0;
				TARGETED_DEVICE_FAMILY = "1,2";
			};
			name = Debug;
		};
		B01F919E268D9A20005A8F48 /* Release */ = {
			isa = XCBuildConfiguration;
			buildSettings = {
				CODE_SIGN_IDENTITY = "Apple Development";
				CODE_SIGN_STYLE = Automatic;
				DEVELOPMENT_TEAM = 579DX7MBBF;
				INFOPLIST_FILE = sprint1_broadcastSetupUI/Info.plist;
				LD_RUNPATH_SEARCH_PATHS = (
					"$(inherited)",
					"@executable_path/Frameworks",
					"@executable_path/../../Frameworks",
				);
				PRODUCT_BUNDLE_IDENTIFIER = "Ponce.Sprint11.sprint1-broadcastSetupUI";
				PRODUCT_NAME = "$(TARGET_NAME)";
				PROVISIONING_PROFILE_SPECIFIER = "";
				SKIP_INSTALL = YES;
				SWIFT_VERSION = 5.0;
				TARGETED_DEVICE_FAMILY = "1,2";
			};
			name = Release;
		};
/* End XCBuildConfiguration section */

/* Begin XCConfigurationList section */
		B01F914126858E63005A8F48 /* Build configuration list for PBXProject "Sprint1" */ = {
			isa = XCConfigurationList;
			buildConfigurations = (
				B01F917126858E64005A8F48 /* Debug */,
				B01F917226858E64005A8F48 /* Release */,
			);
			defaultConfigurationIsVisible = 0;
			defaultConfigurationName = Release;
		};
		B01F917326858E64005A8F48 /* Build configuration list for PBXNativeTarget "Sprint1" */ = {
			isa = XCConfigurationList;
			buildConfigurations = (
				B01F917426858E64005A8F48 /* Debug */,
				B01F917526858E64005A8F48 /* Release */,
			);
			defaultConfigurationIsVisible = 0;
			defaultConfigurationName = Release;
		};
		B01F917626858E64005A8F48 /* Build configuration list for PBXNativeTarget "Sprint1Tests" */ = {
			isa = XCConfigurationList;
			buildConfigurations = (
				B01F917726858E64005A8F48 /* Debug */,
				B01F917826858E64005A8F48 /* Release */,
			);
			defaultConfigurationIsVisible = 0;
			defaultConfigurationName = Release;
		};
		B01F917926858E64005A8F48 /* Build configuration list for PBXNativeTarget "Sprint1UITests" */ = {
			isa = XCConfigurationList;
			buildConfigurations = (
				B01F917A26858E64005A8F48 /* Debug */,
				B01F917B26858E64005A8F48 /* Release */,
			);
			defaultConfigurationIsVisible = 0;
			defaultConfigurationName = Release;
		};
		B01F919F268D9A20005A8F48 /* Build configuration list for PBXNativeTarget "sprint1_broadcastSetupUI" */ = {
			isa = XCConfigurationList;
			buildConfigurations = (
				B01F919D268D9A20005A8F48 /* Debug */,
				B01F919E268D9A20005A8F48 /* Release */,
			);
			defaultConfigurationIsVisible = 0;
			defaultConfigurationName = Release;
		};
		B01F91A0268D9A20005A8F48 /* Build configuration list for PBXNativeTarget "sprint1_broadcast" */ = {
			isa = XCConfigurationList;
			buildConfigurations = (
				B01F919B268D9A20005A8F48 /* Debug */,
				B01F919C268D9A20005A8F48 /* Release */,
			);
			defaultConfigurationIsVisible = 0;
			defaultConfigurationName = Release;
		};
/* End XCConfigurationList section */

/* Begin XCVersionGroup section */
		B01F915226858E63005A8F48 /* Sprint1.xcdatamodeld */ = {
			isa = XCVersionGroup;
			children = (
				B01F915326858E63005A8F48 /* Sprint1.xcdatamodel */,
			);
			currentVersion = B01F915326858E63005A8F48 /* Sprint1.xcdatamodel */;
			path = Sprint1.xcdatamodeld;
			sourceTree = "<group>";
			versionGroupType = wrapper.xcdatamodel;
		};
/* End XCVersionGroup section */
	};
	rootObject = B01F913E26858E63005A8F48 /* Project object */;
}
